// !$*UTF8*$!
{
	archiveVersion = 1;
	classes = {
	};
	objectVersion = 46;
	objects = {

/* Begin PBXBuildFile section */
		08D4E1061B8E98AB00B79861 /* main.m in Sources */ = {isa = PBXBuildFile; fileRef = 08D4E1051B8E98AB00B79861 /* main.m */; };
		08D4E1091B8E98AB00B79861 /* AppDelegate.m in Sources */ = {isa = PBXBuildFile; fileRef = 08D4E1081B8E98AB00B79861 /* AppDelegate.m */; };
		08D4E10C1B8E98AB00B79861 /* ViewController.m in Sources */ = {isa = PBXBuildFile; fileRef = 08D4E10B1B8E98AB00B79861 /* ViewController.m */; };
		08D4E10F1B8E98AB00B79861 /* Main.storyboard in Resources */ = {isa = PBXBuildFile; fileRef = 08D4E10D1B8E98AB00B79861 /* Main.storyboard */; };
		08D4E1111B8E98AB00B79861 /* Images.xcassets in Resources */ = {isa = PBXBuildFile; fileRef = 08D4E1101B8E98AB00B79861 /* Images.xcassets */; };
		08D4E1141B8E98AB00B79861 /* LaunchScreen.xib in Resources */ = {isa = PBXBuildFile; fileRef = 08D4E1121B8E98AB00B79861 /* LaunchScreen.xib */; };
		08D4E1491B8EA26900B79861 /* Security.framework in Frameworks */ = {isa = PBXBuildFile; fileRef = 08D4E1481B8EA26900B79861 /* Security.framework */; };
		08D4E17C1B8EA34600B79861 /* AFHTTPRequestOperation.m in Sources */ = {isa = PBXBuildFile; fileRef = 08D4E16A1B8EA34600B79861 /* AFHTTPRequestOperation.m */; };
		08D4E17D1B8EA34600B79861 /* AFHTTPRequestOperationManager.m in Sources */ = {isa = PBXBuildFile; fileRef = 08D4E16C1B8EA34600B79861 /* AFHTTPRequestOperationManager.m */; };
		08D4E17E1B8EA34600B79861 /* AFHTTPSessionManager.m in Sources */ = {isa = PBXBuildFile; fileRef = 08D4E16E1B8EA34600B79861 /* AFHTTPSessionManager.m */; };
		08D4E17F1B8EA34600B79861 /* AFNetworkReachabilityManager.m in Sources */ = {isa = PBXBuildFile; fileRef = 08D4E1711B8EA34600B79861 /* AFNetworkReachabilityManager.m */; };
		08D4E1801B8EA34600B79861 /* AFSecurityPolicy.m in Sources */ = {isa = PBXBuildFile; fileRef = 08D4E1731B8EA34600B79861 /* AFSecurityPolicy.m */; };
		08D4E1811B8EA34600B79861 /* AFURLConnectionOperation.m in Sources */ = {isa = PBXBuildFile; fileRef = 08D4E1751B8EA34600B79861 /* AFURLConnectionOperation.m */; };
		08D4E1821B8EA34600B79861 /* AFURLRequestSerialization.m in Sources */ = {isa = PBXBuildFile; fileRef = 08D4E1771B8EA34600B79861 /* AFURLRequestSerialization.m */; };
		08D4E1831B8EA34600B79861 /* AFURLResponseSerialization.m in Sources */ = {isa = PBXBuildFile; fileRef = 08D4E1791B8EA34600B79861 /* AFURLResponseSerialization.m */; };
		08D4E1841B8EA34600B79861 /* AFURLSessionManager.m in Sources */ = {isa = PBXBuildFile; fileRef = 08D4E17B1B8EA34600B79861 /* AFURLSessionManager.m */; };
		08D4E1881B8EB3FF00B79861 /* WMWeatherCity.m in Sources */ = {isa = PBXBuildFile; fileRef = 08D4E1871B8EB3FF00B79861 /* WMWeatherCity.m */; };
		08D4E18C1B8EDF0B00B79861 /* WMWeatherManager.m in Sources */ = {isa = PBXBuildFile; fileRef = 08D4E18B1B8EDF0B00B79861 /* WMWeatherManager.m */; };
		08D4E18E1B8EEB0F00B79861 /* Localizable.strings in Resources */ = {isa = PBXBuildFile; fileRef = 08D4E18D1B8EEB0F00B79861 /* Localizable.strings */; };
		08D4E1911B8EEE0D00B79861 /* WMWeatherInfo.m in Sources */ = {isa = PBXBuildFile; fileRef = 08D4E1901B8EEE0D00B79861 /* WMWeatherInfo.m */; };
/* End PBXBuildFile section */

/* Begin PBXFileReference section */
		08D4E1001B8E98AA00B79861 /* WMWeather.app */ = {isa = PBXFileReference; explicitFileType = wrapper.application; includeInIndex = 0; path = WMWeather.app; sourceTree = BUILT_PRODUCTS_DIR; };
		08D4E1041B8E98AB00B79861 /* Info.plist */ = {isa = PBXFileReference; lastKnownFileType = text.plist.xml; path = Info.plist; sourceTree = "<group>"; };
		08D4E1051B8E98AB00B79861 /* main.m */ = {isa = PBXFileReference; lastKnownFileType = sourcecode.c.objc; path = main.m; sourceTree = "<group>"; };
		08D4E1071B8E98AB00B79861 /* AppDelegate.h */ = {isa = PBXFileReference; lastKnownFileType = sourcecode.c.h; path = AppDelegate.h; sourceTree = "<group>"; };
		08D4E1081B8E98AB00B79861 /* AppDelegate.m */ = {isa = PBXFileReference; lastKnownFileType = sourcecode.c.objc; path = AppDelegate.m; sourceTree = "<group>"; };
		08D4E10A1B8E98AB00B79861 /* ViewController.h */ = {isa = PBXFileReference; lastKnownFileType = sourcecode.c.h; path = ViewController.h; sourceTree = "<group>"; };
		08D4E10B1B8E98AB00B79861 /* ViewController.m */ = {isa = PBXFileReference; lastKnownFileType = sourcecode.c.objc; path = ViewController.m; sourceTree = "<group>"; };
		08D4E10E1B8E98AB00B79861 /* Base */ = {isa = PBXFileReference; lastKnownFileType = file.storyboard; name = Base; path = Base.lproj/Main.storyboard; sourceTree = "<group>"; };
		08D4E1101B8E98AB00B79861 /* Images.xcassets */ = {isa = PBXFileReference; lastKnownFileType = folder.assetcatalog; path = Images.xcassets; sourceTree = "<group>"; };
		08D4E1131B8E98AB00B79861 /* Base */ = {isa = PBXFileReference; lastKnownFileType = file.xib; name = Base; path = Base.lproj/LaunchScreen.xib; sourceTree = "<group>"; };
		08D4E11E1B8E98AB00B79861 /* Info.plist */ = {isa = PBXFileReference; lastKnownFileType = text.plist.xml; path = Info.plist; sourceTree = "<group>"; };
		08D4E11F1B8E98AB00B79861 /* WMWeatherTests.m */ = {isa = PBXFileReference; lastKnownFileType = sourcecode.c.objc; path = WMWeatherTests.m; sourceTree = "<group>"; };
		08D4E1481B8EA26900B79861 /* Security.framework */ = {isa = PBXFileReference; lastKnownFileType = wrapper.framework; name = Security.framework; path = System/Library/Frameworks/Security.framework; sourceTree = SDKROOT; };
		08D4E1691B8EA34600B79861 /* AFHTTPRequestOperation.h */ = {isa = PBXFileReference; fileEncoding = 4; lastKnownFileType = sourcecode.c.h; path = AFHTTPRequestOperation.h; sourceTree = "<group>"; };
		08D4E16A1B8EA34600B79861 /* AFHTTPRequestOperation.m */ = {isa = PBXFileReference; fileEncoding = 4; lastKnownFileType = sourcecode.c.objc; path = AFHTTPRequestOperation.m; sourceTree = "<group>"; };
		08D4E16B1B8EA34600B79861 /* AFHTTPRequestOperationManager.h */ = {isa = PBXFileReference; fileEncoding = 4; lastKnownFileType = sourcecode.c.h; path = AFHTTPRequestOperationManager.h; sourceTree = "<group>"; };
		08D4E16C1B8EA34600B79861 /* AFHTTPRequestOperationManager.m */ = {isa = PBXFileReference; fileEncoding = 4; lastKnownFileType = sourcecode.c.objc; path = AFHTTPRequestOperationManager.m; sourceTree = "<group>"; };
		08D4E16D1B8EA34600B79861 /* AFHTTPSessionManager.h */ = {isa = PBXFileReference; fileEncoding = 4; lastKnownFileType = sourcecode.c.h; path = AFHTTPSessionManager.h; sourceTree = "<group>"; };
		08D4E16E1B8EA34600B79861 /* AFHTTPSessionManager.m */ = {isa = PBXFileReference; fileEncoding = 4; lastKnownFileType = sourcecode.c.objc; path = AFHTTPSessionManager.m; sourceTree = "<group>"; };
		08D4E16F1B8EA34600B79861 /* AFNetworking.h */ = {isa = PBXFileReference; fileEncoding = 4; lastKnownFileType = sourcecode.c.h; path = AFNetworking.h; sourceTree = "<group>"; };
		08D4E1701B8EA34600B79861 /* AFNetworkReachabilityManager.h */ = {isa = PBXFileReference; fileEncoding = 4; lastKnownFileType = sourcecode.c.h; path = AFNetworkReachabilityManager.h; sourceTree = "<group>"; };
		08D4E1711B8EA34600B79861 /* AFNetworkReachabilityManager.m */ = {isa = PBXFileReference; fileEncoding = 4; lastKnownFileType = sourcecode.c.objc; path = AFNetworkReachabilityManager.m; sourceTree = "<group>"; };
		08D4E1721B8EA34600B79861 /* AFSecurityPolicy.h */ = {isa = PBXFileReference; fileEncoding = 4; lastKnownFileType = sourcecode.c.h; path = AFSecurityPolicy.h; sourceTree = "<group>"; };
		08D4E1731B8EA34600B79861 /* AFSecurityPolicy.m */ = {isa = PBXFileReference; fileEncoding = 4; lastKnownFileType = sourcecode.c.objc; path = AFSecurityPolicy.m; sourceTree = "<group>"; };
		08D4E1741B8EA34600B79861 /* AFURLConnectionOperation.h */ = {isa = PBXFileReference; fileEncoding = 4; lastKnownFileType = sourcecode.c.h; path = AFURLConnectionOperation.h; sourceTree = "<group>"; };
		08D4E1751B8EA34600B79861 /* AFURLConnectionOperation.m */ = {isa = PBXFileReference; fileEncoding = 4; lastKnownFileType = sourcecode.c.objc; path = AFURLConnectionOperation.m; sourceTree = "<group>"; };
		08D4E1761B8EA34600B79861 /* AFURLRequestSerialization.h */ = {isa = PBXFileReference; fileEncoding = 4; lastKnownFileType = sourcecode.c.h; path = AFURLRequestSerialization.h; sourceTree = "<group>"; };
		08D4E1771B8EA34600B79861 /* AFURLRequestSerialization.m */ = {isa = PBXFileReference; fileEncoding = 4; lastKnownFileType = sourcecode.c.objc; path = AFURLRequestSerialization.m; sourceTree = "<group>"; };
		08D4E1781B8EA34600B79861 /* AFURLResponseSerialization.h */ = {isa = PBXFileReference; fileEncoding = 4; lastKnownFileType = sourcecode.c.h; path = AFURLResponseSerialization.h; sourceTree = "<group>"; };
		08D4E1791B8EA34600B79861 /* AFURLResponseSerialization.m */ = {isa = PBXFileReference; fileEncoding = 4; lastKnownFileType = sourcecode.c.objc; path = AFURLResponseSerialization.m; sourceTree = "<group>"; };
		08D4E17A1B8EA34600B79861 /* AFURLSessionManager.h */ = {isa = PBXFileReference; fileEncoding = 4; lastKnownFileType = sourcecode.c.h; path = AFURLSessionManager.h; sourceTree = "<group>"; };
		08D4E17B1B8EA34600B79861 /* AFURLSessionManager.m */ = {isa = PBXFileReference; fileEncoding = 4; lastKnownFileType = sourcecode.c.objc; path = AFURLSessionManager.m; sourceTree = "<group>"; };
		08D4E1851B8EA54E00B79861 /* AFNetworking.pch */ = {isa = PBXFileReference; lastKnownFileType = sourcecode.c.h; path = AFNetworking.pch; sourceTree = "<group>"; };
		08D4E1861B8EB3FF00B79861 /* WMWeatherCity.h */ = {isa = PBXFileReference; fileEncoding = 4; lastKnownFileType = sourcecode.c.h; path = WMWeatherCity.h; sourceTree = "<group>"; };
		08D4E1871B8EB3FF00B79861 /* WMWeatherCity.m */ = {isa = PBXFileReference; fileEncoding = 4; lastKnownFileType = sourcecode.c.objc; path = WMWeatherCity.m; sourceTree = "<group>"; };
		08D4E18A1B8EDF0B00B79861 /* WMWeatherManager.h */ = {isa = PBXFileReference; fileEncoding = 4; lastKnownFileType = sourcecode.c.h; path = WMWeatherManager.h; sourceTree = "<group>"; };
		08D4E18B1B8EDF0B00B79861 /* WMWeatherManager.m */ = {isa = PBXFileReference; fileEncoding = 4; lastKnownFileType = sourcecode.c.objc; path = WMWeatherManager.m; sourceTree = "<group>"; };
		08D4E18D1B8EEB0F00B79861 /* Localizable.strings */ = {isa = PBXFileReference; fileEncoding = 4; lastKnownFileType = text.plist.strings; path = Localizable.strings; sourceTree = "<group>"; };
		08D4E18F1B8EEE0D00B79861 /* WMWeatherInfo.h */ = {isa = PBXFileReference; fileEncoding = 4; lastKnownFileType = sourcecode.c.h; path = WMWeatherInfo.h; sourceTree = "<group>"; };
		08D4E1901B8EEE0D00B79861 /* WMWeatherInfo.m */ = {isa = PBXFileReference; fileEncoding = 4; lastKnownFileType = sourcecode.c.objc; path = WMWeatherInfo.m; sourceTree = "<group>"; };
/* End PBXFileReference section */

/* Begin PBXFrameworksBuildPhase section */
		08D4E0FD1B8E98AA00B79861 /* Frameworks */ = {
			isa = PBXFrameworksBuildPhase;
			buildActionMask = 2147483647;
			files = (
				08D4E1491B8EA26900B79861 /* Security.framework in Frameworks */,
			);
			runOnlyForDeploymentPostprocessing = 0;
		};
/* End PBXFrameworksBuildPhase section */

/* Begin PBXGroup section */
		08D4E0F71B8E98AA00B79861 = {
			isa = PBXGroup;
			children = (
				08D4E1481B8EA26900B79861 /* Security.framework */,
				08D4E1021B8E98AA00B79861 /* WMWeather */,
				08D4E11C1B8E98AB00B79861 /* WMWeatherTests */,
				08D4E1011B8E98AA00B79861 /* Products */,
			);
			sourceTree = "<group>";
		};
		08D4E1011B8E98AA00B79861 /* Products */ = {
			isa = PBXGroup;
			children = (
				08D4E1001B8E98AA00B79861 /* WMWeather.app */,
			);
			name = Products;
			sourceTree = "<group>";
		};
		08D4E1021B8E98AA00B79861 /* WMWeather */ = {
			isa = PBXGroup;
			children = (
				08D4E1891B8EB40600B79861 /* Model */,
				08D4E1071B8E98AB00B79861 /* AppDelegate.h */,
				08D4E1081B8E98AB00B79861 /* AppDelegate.m */,
				08D4E10A1B8E98AB00B79861 /* ViewController.h */,
				08D4E10B1B8E98AB00B79861 /* ViewController.m */,
				08D4E10D1B8E98AB00B79861 /* Main.storyboard */,
				08D4E1101B8E98AB00B79861 /* Images.xcassets */,
				08D4E1121B8E98AB00B79861 /* LaunchScreen.xib */,
				08D4E1031B8E98AA00B79861 /* Supporting Files */,
			);
			path = WMWeather;
			sourceTree = "<group>";
		};
		08D4E1031B8E98AA00B79861 /* Supporting Files */ = {
			isa = PBXGroup;
			children = (
				08D4E1041B8E98AB00B79861 /* Info.plist */,
				08D4E1051B8E98AB00B79861 /* main.m */,
				08D4E1851B8EA54E00B79861 /* AFNetworking.pch */,
				08D4E18D1B8EEB0F00B79861 /* Localizable.strings */,
			);
			name = "Supporting Files";
			sourceTree = "<group>";
		};
		08D4E11C1B8E98AB00B79861 /* WMWeatherTests */ = {
			isa = PBXGroup;
			children = (
				08D4E11F1B8E98AB00B79861 /* WMWeatherTests.m */,
				08D4E11D1B8E98AB00B79861 /* Supporting Files */,
			);
			path = WMWeatherTests;
			sourceTree = "<group>";
		};
		08D4E11D1B8E98AB00B79861 /* Supporting Files */ = {
			isa = PBXGroup;
			children = (
				08D4E11E1B8E98AB00B79861 /* Info.plist */,
			);
			name = "Supporting Files";
			sourceTree = "<group>";
		};
		08D4E14C1B8EA32000B79861 /* AFNetworking */ = {
			isa = PBXGroup;
			children = (
				08D4E1691B8EA34600B79861 /* AFHTTPRequestOperation.h */,
				08D4E16A1B8EA34600B79861 /* AFHTTPRequestOperation.m */,
				08D4E16B1B8EA34600B79861 /* AFHTTPRequestOperationManager.h */,
				08D4E16C1B8EA34600B79861 /* AFHTTPRequestOperationManager.m */,
				08D4E16D1B8EA34600B79861 /* AFHTTPSessionManager.h */,
				08D4E16E1B8EA34600B79861 /* AFHTTPSessionManager.m */,
				08D4E16F1B8EA34600B79861 /* AFNetworking.h */,
				08D4E1701B8EA34600B79861 /* AFNetworkReachabilityManager.h */,
				08D4E1711B8EA34600B79861 /* AFNetworkReachabilityManager.m */,
				08D4E1721B8EA34600B79861 /* AFSecurityPolicy.h */,
				08D4E1731B8EA34600B79861 /* AFSecurityPolicy.m */,
				08D4E1741B8EA34600B79861 /* AFURLConnectionOperation.h */,
				08D4E1751B8EA34600B79861 /* AFURLConnectionOperation.m */,
				08D4E1761B8EA34600B79861 /* AFURLRequestSerialization.h */,
				08D4E1771B8EA34600B79861 /* AFURLRequestSerialization.m */,
				08D4E1781B8EA34600B79861 /* AFURLResponseSerialization.h */,
				08D4E1791B8EA34600B79861 /* AFURLResponseSerialization.m */,
				08D4E17A1B8EA34600B79861 /* AFURLSessionManager.h */,
				08D4E17B1B8EA34600B79861 /* AFURLSessionManager.m */,
			);
			name = AFNetworking;
			sourceTree = "<group>";
		};
		08D4E1891B8EB40600B79861 /* Model */ = {
			isa = PBXGroup;
			children = (
				08D4E14C1B8EA32000B79861 /* AFNetworking */,
				08D4E1861B8EB3FF00B79861 /* WMWeatherCity.h */,
				08D4E1871B8EB3FF00B79861 /* WMWeatherCity.m */,
				08D4E18F1B8EEE0D00B79861 /* WMWeatherInfo.h */,
				08D4E1901B8EEE0D00B79861 /* WMWeatherInfo.m */,
				08D4E18A1B8EDF0B00B79861 /* WMWeatherManager.h */,
				08D4E18B1B8EDF0B00B79861 /* WMWeatherManager.m */,
			);
			name = Model;
			sourceTree = "<group>";
		};
/* End PBXGroup section */

/* Begin PBXNativeTarget section */
		08D4E0FF1B8E98AA00B79861 /* WMWeather */ = {
			isa = PBXNativeTarget;
			buildConfigurationList = 08D4E1231B8E98AB00B79861 /* Build configuration list for PBXNativeTarget "WMWeather" */;
			buildPhases = (
				08D4E0FC1B8E98AA00B79861 /* Sources */,
				08D4E0FD1B8E98AA00B79861 /* Frameworks */,
				08D4E0FE1B8E98AA00B79861 /* Resources */,
			);
			buildRules = (
			);
			dependencies = (
			);
			name = WMWeather;
			productName = WMWeather;
			productReference = 08D4E1001B8E98AA00B79861 /* WMWeather.app */;
			productType = "com.apple.product-type.application";
		};
/* End PBXNativeTarget section */

/* Begin PBXProject section */
		08D4E0F81B8E98AA00B79861 /* Project object */ = {
			isa = PBXProject;
			attributes = {
				LastUpgradeCheck = 0640;
				ORGANIZATIONNAME = "wendong wang";
				TargetAttributes = {
					08D4E0FF1B8E98AA00B79861 = {
						CreatedOnToolsVersion = 6.4;
						SystemCapabilities = {
							com.apple.BackgroundModes = {
								enabled = 1;
							};
						};
					};
				};
			};
			buildConfigurationList = 08D4E0FB1B8E98AA00B79861 /* Build configuration list for PBXProject "WMWeather" */;
			compatibilityVersion = "Xcode 3.2";
			developmentRegion = English;
			hasScannedForEncodings = 0;
			knownRegions = (
				en,
				Base,
			);
			mainGroup = 08D4E0F71B8E98AA00B79861;
			productRefGroup = 08D4E1011B8E98AA00B79861 /* Products */;
			projectDirPath = "";
			projectRoot = "";
			targets = (
				08D4E0FF1B8E98AA00B79861 /* WMWeather */,
			);
		};
/* End PBXProject section */

/* Begin PBXResourcesBuildPhase section */
		08D4E0FE1B8E98AA00B79861 /* Resources */ = {
			isa = PBXResourcesBuildPhase;
			buildActionMask = 2147483647;
			files = (
				08D4E10F1B8E98AB00B79861 /* Main.storyboard in Resources */,
				08D4E18E1B8EEB0F00B79861 /* Localizable.strings in Resources */,
				08D4E1141B8E98AB00B79861 /* LaunchScreen.xib in Resources */,
				08D4E1111B8E98AB00B79861 /* Images.xcassets in Resources */,
			);
			runOnlyForDeploymentPostprocessing = 0;
		};
/* End PBXResourcesBuildPhase section */

/* Begin PBXSourcesBuildPhase section */
		08D4E0FC1B8E98AA00B79861 /* Sources */ = {
			isa = PBXSourcesBuildPhase;
			buildActionMask = 2147483647;
			files = (
				08D4E1881B8EB3FF00B79861 /* WMWeatherCity.m in Sources */,
				08D4E17C1B8EA34600B79861 /* AFHTTPRequestOperation.m in Sources */,
				08D4E18C1B8EDF0B00B79861 /* WMWeatherManager.m in Sources */,
				08D4E10C1B8E98AB00B79861 /* ViewController.m in Sources */,
				08D4E17D1B8EA34600B79861 /* AFHTTPRequestOperationManager.m in Sources */,
				08D4E17F1B8EA34600B79861 /* AFNetworkReachabilityManager.m in Sources */,
				08D4E1831B8EA34600B79861 /* AFURLResponseSerialization.m in Sources */,
				08D4E1811B8EA34600B79861 /* AFURLConnectionOperation.m in Sources */,
				08D4E1801B8EA34600B79861 /* AFSecurityPolicy.m in Sources */,
				08D4E17E1B8EA34600B79861 /* AFHTTPSessionManager.m in Sources */,
				08D4E1821B8EA34600B79861 /* AFURLRequestSerialization.m in Sources */,
				08D4E1841B8EA34600B79861 /* AFURLSessionManager.m in Sources */,
				08D4E1091B8E98AB00B79861 /* AppDelegate.m in Sources */,
				08D4E1911B8EEE0D00B79861 /* WMWeatherInfo.m in Sources */,
				08D4E1061B8E98AB00B79861 /* main.m in Sources */,
			);
			runOnlyForDeploymentPostprocessing = 0;
		};
/* End PBXSourcesBuildPhase section */

/* Begin PBXVariantGroup section */
		08D4E10D1B8E98AB00B79861 /* Main.storyboard */ = {
			isa = PBXVariantGroup;
			children = (
				08D4E10E1B8E98AB00B79861 /* Base */,
			);
			name = Main.storyboard;
			sourceTree = "<group>";
		};
		08D4E1121B8E98AB00B79861 /* LaunchScreen.xib */ = {
			isa = PBXVariantGroup;
			children = (
				08D4E1131B8E98AB00B79861 /* Base */,
			);
			name = LaunchScreen.xib;
			sourceTree = "<group>";
		};
/* End PBXVariantGroup section */

/* Begin XCBuildConfiguration section */
		08D4E1211B8E98AB00B79861 /* Debug */ = {
			isa = XCBuildConfiguration;
			buildSettings = {
				ALWAYS_SEARCH_USER_PATHS = NO;
				CLANG_CXX_LANGUAGE_STANDARD = "gnu++0x";
				CLANG_CXX_LIBRARY = "libc++";
				CLANG_ENABLE_MODULES = YES;
				CLANG_ENABLE_OBJC_ARC = YES;
				CLANG_WARN_BOOL_CONVERSION = YES;
				CLANG_WARN_CONSTANT_CONVERSION = YES;
				CLANG_WARN_DIRECT_OBJC_ISA_USAGE = YES_ERROR;
				CLANG_WARN_EMPTY_BODY = YES;
				CLANG_WARN_ENUM_CONVERSION = YES;
				CLANG_WARN_INT_CONVERSION = YES;
				CLANG_WARN_OBJC_ROOT_CLASS = YES_ERROR;
				CLANG_WARN_UNREACHABLE_CODE = YES;
				CLANG_WARN__DUPLICATE_METHOD_MATCH = YES;
				CODE_SIGN_IDENTITY = "";
				"CODE_SIGN_IDENTITY[sdk=iphoneos*]" = "";
				COPY_PHASE_STRIP = NO;
				DEBUG_INFORMATION_FORMAT = "dwarf-with-dsym";
				ENABLE_STRICT_OBJC_MSGSEND = YES;
				GCC_C_LANGUAGE_STANDARD = gnu99;
				GCC_DYNAMIC_NO_PIC = NO;
				GCC_NO_COMMON_BLOCKS = YES;
				GCC_OPTIMIZATION_LEVEL = 0;
				GCC_PREPROCESSOR_DEFINITIONS = (
					"DEBUG=1",
					"$(inherited)",
				);
				GCC_SYMBOLS_PRIVATE_EXTERN = NO;
				GCC_WARN_64_TO_32_BIT_CONVERSION = YES;
				GCC_WARN_ABOUT_RETURN_TYPE = YES_ERROR;
				GCC_WARN_UNDECLARED_SELECTOR = YES;
				GCC_WARN_UNINITIALIZED_AUTOS = YES_AGGRESSIVE;
				GCC_WARN_UNUSED_FUNCTION = YES;
				GCC_WARN_UNUSED_VARIABLE = YES;
				IPHONEOS_DEPLOYMENT_TARGET = 7.1;
				MTL_ENABLE_DEBUG_INFO = YES;
				ONLY_ACTIVE_ARCH = YES;
				SDKROOT = iphoneos;
				VALIDATE_PRODUCT = NO;
			};
			name = Debug;
		};
		08D4E1221B8E98AB00B79861 /* Release */ = {
			isa = XCBuildConfiguration;
			buildSettings = {
				ALWAYS_SEARCH_USER_PATHS = NO;
				CLANG_CXX_LANGUAGE_STANDARD = "gnu++0x";
				CLANG_CXX_LIBRARY = "libc++";
				CLANG_ENABLE_MODULES = YES;
				CLANG_ENABLE_OBJC_ARC = YES;
				CLANG_WARN_BOOL_CONVERSION = YES;
				CLANG_WARN_CONSTANT_CONVERSION = YES;
				CLANG_WARN_DIRECT_OBJC_ISA_USAGE = YES_ERROR;
				CLANG_WARN_EMPTY_BODY = YES;
				CLANG_WARN_ENUM_CONVERSION = YES;
				CLANG_WARN_INT_CONVERSION = YES;
				CLANG_WARN_OBJC_ROOT_CLASS = YES_ERROR;
				CLANG_WARN_UNREACHABLE_CODE = YES;
				CLANG_WARN__DUPLICATE_METHOD_MATCH = YES;
				CODE_SIGN_IDENTITY = "";
				"CODE_SIGN_IDENTITY[sdk=iphoneos*]" = "";
				COPY_PHASE_STRIP = NO;
				DEBUG_INFORMATION_FORMAT = "dwarf-with-dsym";
				ENABLE_NS_ASSERTIONS = NO;
				ENABLE_STRICT_OBJC_MSGSEND = YES;
				GCC_C_LANGUAGE_STANDARD = gnu99;
				GCC_NO_COMMON_BLOCKS = YES;
				GCC_WARN_64_TO_32_BIT_CONVERSION = YES;
				GCC_WARN_ABOUT_RETURN_TYPE = YES_ERROR;
				GCC_WARN_UNDECLARED_SELECTOR = YES;
				GCC_WARN_UNINITIALIZED_AUTOS = YES_AGGRESSIVE;
				GCC_WARN_UNUSED_FUNCTION = YES;
				GCC_WARN_UNUSED_VARIABLE = YES;
				IPHONEOS_DEPLOYMENT_TARGET = 7.1;
				MTL_ENABLE_DEBUG_INFO = NO;
				SDKROOT = iphoneos;
				VALIDATE_PRODUCT = NO;
			};
			name = Release;
		};
		08D4E1241B8E98AB00B79861 /* Debug */ = {
			isa = XCBuildConfiguration;
			buildSettings = {
				ASSETCATALOG_COMPILER_APPICON_NAME = AppIcon;
				CODE_SIGN_IDENTITY = "";
				GCC_PREFIX_HEADER = WMWeather/AFNetworking.pch;
				INFOPLIST_FILE = WMWeather/Info.plist;
				IPHONEOS_DEPLOYMENT_TARGET = 7.1;
				LD_RUNPATH_SEARCH_PATHS = "$(inherited) @executable_path/Frameworks";
				PRODUCT_NAME = "$(TARGET_NAME)";
				PROVISIONING_PROFILE = "9e20dc4f-cefe-4ccf-aca2-86d5361fc97c";
			};
			name = Debug;
		};
		08D4E1251B8E98AB00B79861 /* Release */ = {
			isa = XCBuildConfiguration;
			buildSettings = {
				ASSETCATALOG_COMPILER_APPICON_NAME = AppIcon;
				CODE_SIGN_IDENTITY = "";
				GCC_PREFIX_HEADER = WMWeather/AFNetworking.pch;
				INFOPLIST_FILE = WMWeather/Info.plist;
				IPHONEOS_DEPLOYMENT_TARGET = 7.1;
				LD_RUNPATH_SEARCH_PATHS = "$(inherited) @executable_path/Frameworks";
				PRODUCT_NAME = "$(TARGET_NAME)";
				PROVISIONING_PROFILE = "9e20dc4f-cefe-4ccf-aca2-86d5361fc97c";
			};
			name = Release;
		};
/* End XCBuildConfiguration section */

/* Begin XCConfigurationList section */
		08D4E0FB1B8E98AA00B79861 /* Build configuration list for PBXProject "WMWeather" */ = {
			isa = XCConfigurationList;
			buildConfigurations = (
				08D4E1211B8E98AB00B79861 /* Debug */,
				08D4E1221B8E98AB00B79861 /* Release */,
			);
			defaultConfigurationIsVisible = 0;
			defaultConfigurationName = Release;
		};
		08D4E1231B8E98AB00B79861 /* Build configuration list for PBXNativeTarget "WMWeather" */ = {
			isa = XCConfigurationList;
			buildConfigurations = (
				08D4E1241B8E98AB00B79861 /* Debug */,
				08D4E1251B8E98AB00B79861 /* Release */,
			);
			defaultConfigurationIsVisible = 0;
		};
/* End XCConfigurationList section */
	};
	rootObject = 08D4E0F81B8E98AA00B79861 /* Project object */;
}
